
Microsoft Visual Studio Solution File, Format Version 12.00
# Visual Studio 15
VisualStudioVersion = 15.0.28307.539
MinimumVisualStudioVersion = 10.0.40219.1
Project("{FAE04EC0-301F-11D3-BF4B-00C04F79EFBC}") = "ElevenNote.WebMvc", "ElevenNote.WebMvc\ElevenNote.WebMvc.csproj", "{57DC7A99-8848-432A-A59C-4013296E46BF}"
EndProject
Global
	GlobalSection(SolutionConfigurationPlatforms) = preSolution
		Debug|Any CPU = Debug|Any CPU
		Release|Any CPU = Release|Any CPU
	EndGlobalSection
	GlobalSection(ProjectConfigurationPlatforms) = postSolution
		{57DC7A99-8848-432A-A59C-4013296E46BF}.Debug|Any CPU.ActiveCfg = Debug|Any CPU
		{57DC7A99-8848-432A-A59C-4013296E46BF}.Debug|Any CPU.Build.0 = Debug|Any CPU
		{57DC7A99-8848-432A-A59C-4013296E46BF}.Release|Any CPU.ActiveCfg = Release|Any CPU
		{57DC7A99-8848-432A-A59C-4013296E46BF}.Release|Any CPU.Build.0 = Release|Any CPU
	EndGlobalSection
	GlobalSection(SolutionProperties) = preSolution
		HideSolutionNode = FALSE
	EndGlobalSection
	GlobalSection(ExtensibilityGlobals) = postSolution
		SolutionGuid = {A091D53A-D90A-4C57-BE8F-CFA71D03CDF3}
	EndGlobalSection
EndGlobal
